// !$*UTF8*$!
{
	archiveVersion = 1;
	classes = {
	};
	objectVersion = 46;
	objects = {

/* Begin PBXBuildFile section */
		D031EB561832EACF00C6E80F /* api_settings.plist in Resources */ = {isa = PBXBuildFile; fileRef = D031EB551832EACF00C6E80F /* api_settings.plist */; };
		D0375AE618287DA800C43881 /* Foundation.framework in Frameworks */ = {isa = PBXBuildFile; fileRef = D0375AE518287DA800C43881 /* Foundation.framework */; };
		D0375AE818287DA800C43881 /* CoreGraphics.framework in Frameworks */ = {isa = PBXBuildFile; fileRef = D0375AE718287DA800C43881 /* CoreGraphics.framework */; };
		D0375AEA18287DA800C43881 /* UIKit.framework in Frameworks */ = {isa = PBXBuildFile; fileRef = D0375AE918287DA800C43881 /* UIKit.framework */; };
		D0375AF018287DA800C43881 /* InfoPlist.strings in Resources */ = {isa = PBXBuildFile; fileRef = D0375AEE18287DA800C43881 /* InfoPlist.strings */; };
		D0375AF218287DA800C43881 /* main.m in Sources */ = {isa = PBXBuildFile; fileRef = D0375AF118287DA800C43881 /* main.m */; };
		D0375AF618287DA800C43881 /* AppDelegate.m in Sources */ = {isa = PBXBuildFile; fileRef = D0375AF518287DA800C43881 /* AppDelegate.m */; };
		D0375AF818287DA800C43881 /* Images.xcassets in Resources */ = {isa = PBXBuildFile; fileRef = D0375AF718287DA800C43881 /* Images.xcassets */; };
		D0375AFF18287DA800C43881 /* XCTest.framework in Frameworks */ = {isa = PBXBuildFile; fileRef = D0375AFE18287DA800C43881 /* XCTest.framework */; };
		D0375B0018287DA800C43881 /* Foundation.framework in Frameworks */ = {isa = PBXBuildFile; fileRef = D0375AE518287DA800C43881 /* Foundation.framework */; };
		D0375B0118287DA800C43881 /* UIKit.framework in Frameworks */ = {isa = PBXBuildFile; fileRef = D0375AE918287DA800C43881 /* UIKit.framework */; };
		D0375B0918287DA800C43881 /* InfoPlist.strings in Resources */ = {isa = PBXBuildFile; fileRef = D0375B0718287DA800C43881 /* InfoPlist.strings */; };
		D0375B0B18287DA800C43881 /* iOS2Lab1xTests.m in Sources */ = {isa = PBXBuildFile; fileRef = D0375B0A18287DA800C43881 /* iOS2Lab1xTests.m */; };
		D0375B1518287EF500C43881 /* MainStoryboard.storyboard in Resources */ = {isa = PBXBuildFile; fileRef = D0375B1418287EF500C43881 /* MainStoryboard.storyboard */; };
		D0375B18182882FF00C43881 /* PhotoTableViewCell.m in Sources */ = {isa = PBXBuildFile; fileRef = D0375B17182882FF00C43881 /* PhotoTableViewCell.m */; };
		D0375B1B1828873A00C43881 /* PhotoTableViewController.m in Sources */ = {isa = PBXBuildFile; fileRef = D0375B1A1828873A00C43881 /* PhotoTableViewController.m */; };
		D0375B1E1828883000C43881 /* Api500pxFetcher.m in Sources */ = {isa = PBXBuildFile; fileRef = D0375B1D1828883000C43881 /* Api500pxFetcher.m */; };
		D0375B211828885800C43881 /* Photo.m in Sources */ = {isa = PBXBuildFile; fileRef = D0375B201828885800C43881 /* Photo.m */; };
		D0375B23182890A800C43881 /* CFNetwork.framework in Frameworks */ = {isa = PBXBuildFile; fileRef = D0375B22182890A800C43881 /* CFNetwork.framework */; };
		D0606D3A183075950032DEA5 /* PhotoGeocodeManager.m in Sources */ = {isa = PBXBuildFile; fileRef = D0606D39183075950032DEA5 /* PhotoGeocodeManager.m */; };
		D0B36386182F2FF6000D1533 /* PhotoMapViewController.m in Sources */ = {isa = PBXBuildFile; fileRef = D0B36385182F2FF6000D1533 /* PhotoMapViewController.m */; };
		D0B36388182F3063000D1533 /* MapKit.framework in Frameworks */ = {isa = PBXBuildFile; fileRef = D0B36387182F3063000D1533 /* MapKit.framework */; };
		D0B3638A182F5502000D1533 /* CoreLocation.framework in Frameworks */ = {isa = PBXBuildFile; fileRef = D0B36389182F5502000D1533 /* CoreLocation.framework */; };
/* End PBXBuildFile section */

/* Begin PBXContainerItemProxy section */
		D0375B0218287DA800C43881 /* PBXContainerItemProxy */ = {
			isa = PBXContainerItemProxy;
			containerPortal = D0375ADA18287DA800C43881 /* Project object */;
			proxyType = 1;
			remoteGlobalIDString = D0375AE118287DA800C43881;
			remoteInfo = iOS2Lab1x;
		};
/* End PBXContainerItemProxy section */

/* Begin PBXFileReference section */
		D031EB551832EACF00C6E80F /* api_settings.plist */ = {isa = PBXFileReference; fileEncoding = 4; lastKnownFileType = text.plist.xml; path = api_settings.plist; sourceTree = "<group>"; };
		D0375AE218287DA800C43881 /* iOS2Lab1x.app */ = {isa = PBXFileReference; explicitFileType = wrapper.application; includeInIndex = 0; path = iOS2Lab1x.app; sourceTree = BUILT_PRODUCTS_DIR; };
		D0375AE518287DA800C43881 /* Foundation.framework */ = {isa = PBXFileReference; lastKnownFileType = wrapper.framework; name = Foundation.framework; path = System/Library/Frameworks/Foundation.framework; sourceTree = SDKROOT; };
		D0375AE718287DA800C43881 /* CoreGraphics.framework */ = {isa = PBXFileReference; lastKnownFileType = wrapper.framework; name = CoreGraphics.framework; path = System/Library/Frameworks/CoreGraphics.framework; sourceTree = SDKROOT; };
		D0375AE918287DA800C43881 /* UIKit.framework */ = {isa = PBXFileReference; lastKnownFileType = wrapper.framework; name = UIKit.framework; path = System/Library/Frameworks/UIKit.framework; sourceTree = SDKROOT; };
		D0375AED18287DA800C43881 /* iOS2Lab1x-Info.plist */ = {isa = PBXFileReference; lastKnownFileType = text.plist.xml; path = "iOS2Lab1x-Info.plist"; sourceTree = "<group>"; };
		D0375AEF18287DA800C43881 /* en */ = {isa = PBXFileReference; lastKnownFileType = text.plist.strings; name = en; path = en.lproj/InfoPlist.strings; sourceTree = "<group>"; };
		D0375AF118287DA800C43881 /* main.m */ = {isa = PBXFileReference; lastKnownFileType = sourcecode.c.objc; path = main.m; sourceTree = "<group>"; };
		D0375AF318287DA800C43881 /* iOS2Lab1x-Prefix.pch */ = {isa = PBXFileReference; lastKnownFileType = sourcecode.c.h; path = "iOS2Lab1x-Prefix.pch"; sourceTree = "<group>"; };
		D0375AF418287DA800C43881 /* AppDelegate.h */ = {isa = PBXFileReference; lastKnownFileType = sourcecode.c.h; path = AppDelegate.h; sourceTree = "<group>"; };
		D0375AF518287DA800C43881 /* AppDelegate.m */ = {isa = PBXFileReference; lastKnownFileType = sourcecode.c.objc; path = AppDelegate.m; sourceTree = "<group>"; };
		D0375AF718287DA800C43881 /* Images.xcassets */ = {isa = PBXFileReference; lastKnownFileType = folder.assetcatalog; path = Images.xcassets; sourceTree = "<group>"; };
		D0375AFD18287DA800C43881 /* iOS2Lab1xTests.xctest */ = {isa = PBXFileReference; explicitFileType = wrapper.cfbundle; includeInIndex = 0; path = iOS2Lab1xTests.xctest; sourceTree = BUILT_PRODUCTS_DIR; };
		D0375AFE18287DA800C43881 /* XCTest.framework */ = {isa = PBXFileReference; lastKnownFileType = wrapper.framework; name = XCTest.framework; path = Library/Frameworks/XCTest.framework; sourceTree = DEVELOPER_DIR; };
		D0375B0618287DA800C43881 /* iOS2Lab1xTests-Info.plist */ = {isa = PBXFileReference; lastKnownFileType = text.plist.xml; path = "iOS2Lab1xTests-Info.plist"; sourceTree = "<group>"; };
		D0375B0818287DA800C43881 /* en */ = {isa = PBXFileReference; lastKnownFileType = text.plist.strings; name = en; path = en.lproj/InfoPlist.strings; sourceTree = "<group>"; };
		D0375B0A18287DA800C43881 /* iOS2Lab1xTests.m */ = {isa = PBXFileReference; lastKnownFileType = sourcecode.c.objc; path = iOS2Lab1xTests.m; sourceTree = "<group>"; };
		D0375B1418287EF500C43881 /* MainStoryboard.storyboard */ = {isa = PBXFileReference; fileEncoding = 4; lastKnownFileType = file.storyboard; path = MainStoryboard.storyboard; sourceTree = "<group>"; };
		D0375B16182882FF00C43881 /* PhotoTableViewCell.h */ = {isa = PBXFileReference; fileEncoding = 4; lastKnownFileType = sourcecode.c.h; path = PhotoTableViewCell.h; sourceTree = "<group>"; };
		D0375B17182882FF00C43881 /* PhotoTableViewCell.m */ = {isa = PBXFileReference; fileEncoding = 4; lastKnownFileType = sourcecode.c.objc; path = PhotoTableViewCell.m; sourceTree = "<group>"; };
		D0375B191828873A00C43881 /* PhotoTableViewController.h */ = {isa = PBXFileReference; fileEncoding = 4; lastKnownFileType = sourcecode.c.h; path = PhotoTableViewController.h; sourceTree = "<group>"; };
		D0375B1A1828873A00C43881 /* PhotoTableViewController.m */ = {isa = PBXFileReference; fileEncoding = 4; lastKnownFileType = sourcecode.c.objc; path = PhotoTableViewController.m; sourceTree = "<group>"; };
		D0375B1C1828883000C43881 /* Api500pxFetcher.h */ = {isa = PBXFileReference; fileEncoding = 4; lastKnownFileType = sourcecode.c.h; path = Api500pxFetcher.h; sourceTree = "<group>"; };
		D0375B1D1828883000C43881 /* Api500pxFetcher.m */ = {isa = PBXFileReference; fileEncoding = 4; lastKnownFileType = sourcecode.c.objc; path = Api500pxFetcher.m; sourceTree = "<group>"; };
		D0375B1F1828885800C43881 /* Photo.h */ = {isa = PBXFileReference; fileEncoding = 4; lastKnownFileType = sourcecode.c.h; path = Photo.h; sourceTree = "<group>"; };
		D0375B201828885800C43881 /* Photo.m */ = {isa = PBXFileReference; fileEncoding = 4; lastKnownFileType = sourcecode.c.objc; path = Photo.m; sourceTree = "<group>"; };
		D0375B22182890A800C43881 /* CFNetwork.framework */ = {isa = PBXFileReference; lastKnownFileType = wrapper.framework; name = CFNetwork.framework; path = System/Library/Frameworks/CFNetwork.framework; sourceTree = SDKROOT; };
		D0606D38183075950032DEA5 /* PhotoGeocodeManager.h */ = {isa = PBXFileReference; fileEncoding = 4; lastKnownFileType = sourcecode.c.h; path = PhotoGeocodeManager.h; sourceTree = "<group>"; };
		D0606D39183075950032DEA5 /* PhotoGeocodeManager.m */ = {isa = PBXFileReference; fileEncoding = 4; lastKnownFileType = sourcecode.c.objc; path = PhotoGeocodeManager.m; sourceTree = "<group>"; };
		D0B36384182F2FF6000D1533 /* PhotoMapViewController.h */ = {isa = PBXFileReference; fileEncoding = 4; lastKnownFileType = sourcecode.c.h; name = PhotoMapViewController.h; path = ../PhotoMapViewController.h; sourceTree = "<group>"; };
		D0B36385182F2FF6000D1533 /* PhotoMapViewController.m */ = {isa = PBXFileReference; fileEncoding = 4; lastKnownFileType = sourcecode.c.objc; name = PhotoMapViewController.m; path = ../PhotoMapViewController.m; sourceTree = "<group>"; };
		D0B36387182F3063000D1533 /* MapKit.framework */ = {isa = PBXFileReference; lastKnownFileType = wrapper.framework; name = MapKit.framework; path = System/Library/Frameworks/MapKit.framework; sourceTree = SDKROOT; };
		D0B36389182F5502000D1533 /* CoreLocation.framework */ = {isa = PBXFileReference; lastKnownFileType = wrapper.framework; name = CoreLocation.framework; path = System/Library/Frameworks/CoreLocation.framework; sourceTree = SDKROOT; };
/* End PBXFileReference section */

/* Begin PBXFrameworksBuildPhase section */
		D0375ADF18287DA800C43881 /* Frameworks */ = {
			isa = PBXFrameworksBuildPhase;
			buildActionMask = 2147483647;
			files = (
				D0B3638A182F5502000D1533 /* CoreLocation.framework in Frameworks */,
				D0B36388182F3063000D1533 /* MapKit.framework in Frameworks */,
				D0375B23182890A800C43881 /* CFNetwork.framework in Frameworks */,
				D0375AE818287DA800C43881 /* CoreGraphics.framework in Frameworks */,
				D0375AEA18287DA800C43881 /* UIKit.framework in Frameworks */,
				D0375AE618287DA800C43881 /* Foundation.framework in Frameworks */,
			);
			runOnlyForDeploymentPostprocessing = 0;
		};
		D0375AFA18287DA800C43881 /* Frameworks */ = {
			isa = PBXFrameworksBuildPhase;
			buildActionMask = 2147483647;
			files = (
				D0375AFF18287DA800C43881 /* XCTest.framework in Frameworks */,
				D0375B0118287DA800C43881 /* UIKit.framework in Frameworks */,
				D0375B0018287DA800C43881 /* Foundation.framework in Frameworks */,
			);
			runOnlyForDeploymentPostprocessing = 0;
		};
/* End PBXFrameworksBuildPhase section */

/* Begin PBXGroup section */
		D0375AD918287DA800C43881 = {
			isa = PBXGroup;
			children = (
				D0375B1418287EF500C43881 /* MainStoryboard.storyboard */,
				D0375AEB18287DA800C43881 /* iOS2Lab1x */,
				D0375B0418287DA800C43881 /* iOS2Lab1xTests */,
				D0375AE418287DA800C43881 /* Frameworks */,
				D0375AE318287DA800C43881 /* Products */,
			);
			sourceTree = "<group>";
		};
		D0375AE318287DA800C43881 /* Products */ = {
			isa = PBXGroup;
			children = (
				D0375AE218287DA800C43881 /* iOS2Lab1x.app */,
				D0375AFD18287DA800C43881 /* iOS2Lab1xTests.xctest */,
			);
			name = Products;
			sourceTree = "<group>";
		};
		D0375AE418287DA800C43881 /* Frameworks */ = {
			isa = PBXGroup;
			children = (
				D0B36389182F5502000D1533 /* CoreLocation.framework */,
				D0B36387182F3063000D1533 /* MapKit.framework */,
				D0375B22182890A800C43881 /* CFNetwork.framework */,
				D0375AE518287DA800C43881 /* Foundation.framework */,
				D0375AE718287DA800C43881 /* CoreGraphics.framework */,
				D0375AE918287DA800C43881 /* UIKit.framework */,
				D0375AFE18287DA800C43881 /* XCTest.framework */,
			);
			name = Frameworks;
			sourceTree = "<group>";
		};
		D0375AEB18287DA800C43881 /* iOS2Lab1x */ = {
			isa = PBXGroup;
			children = (
				D031EB551832EACF00C6E80F /* api_settings.plist */,
				D0375AF418287DA800C43881 /* AppDelegate.h */,
				D0375AF518287DA800C43881 /* AppDelegate.m */,
				D0375B16182882FF00C43881 /* PhotoTableViewCell.h */,
				D0375B17182882FF00C43881 /* PhotoTableViewCell.m */,
				D0375B191828873A00C43881 /* PhotoTableViewController.h */,
				D0375B1A1828873A00C43881 /* PhotoTableViewController.m */,
				D0375AF718287DA800C43881 /* Images.xcassets */,
				D0375AEC18287DA800C43881 /* Supporting Files */,
				D0B36384182F2FF6000D1533 /* PhotoMapViewController.h */,
				D0B36385182F2FF6000D1533 /* PhotoMapViewController.m */,
				D0375B1C1828883000C43881 /* Api500pxFetcher.h */,
				D0375B1D1828883000C43881 /* Api500pxFetcher.m */,
				D0375B1F1828885800C43881 /* Photo.h */,
				D0375B201828885800C43881 /* Photo.m */,
				D0606D38183075950032DEA5 /* PhotoGeocodeManager.h */,
				D0606D39183075950032DEA5 /* PhotoGeocodeManager.m */,
			);
			path = iOS2Lab1x;
			sourceTree = "<group>";
		};
		D0375AEC18287DA800C43881 /* Supporting Files */ = {
			isa = PBXGroup;
			children = (
				D0375AED18287DA800C43881 /* iOS2Lab1x-Info.plist */,
				D0375AEE18287DA800C43881 /* InfoPlist.strings */,
				D0375AF118287DA800C43881 /* main.m */,
				D0375AF318287DA800C43881 /* iOS2Lab1x-Prefix.pch */,
			);
			name = "Supporting Files";
			sourceTree = "<group>";
		};
		D0375B0418287DA800C43881 /* iOS2Lab1xTests */ = {
			isa = PBXGroup;
			children = (
				D0375B0A18287DA800C43881 /* iOS2Lab1xTests.m */,
				D0375B0518287DA800C43881 /* Supporting Files */,
			);
			path = iOS2Lab1xTests;
			sourceTree = "<group>";
		};
		D0375B0518287DA800C43881 /* Supporting Files */ = {
			isa = PBXGroup;
			children = (
				D0375B0618287DA800C43881 /* iOS2Lab1xTests-Info.plist */,
				D0375B0718287DA800C43881 /* InfoPlist.strings */,
			);
			name = "Supporting Files";
			sourceTree = "<group>";
		};
/* End PBXGroup section */

/* Begin PBXNativeTarget section */
		D0375AE118287DA800C43881 /* iOS2Lab1x */ = {
			isa = PBXNativeTarget;
			buildConfigurationList = D0375B0E18287DA800C43881 /* Build configuration list for PBXNativeTarget "iOS2Lab1x" */;
			buildPhases = (
				D0375ADE18287DA800C43881 /* Sources */,
				D0375ADF18287DA800C43881 /* Frameworks */,
				D0375AE018287DA800C43881 /* Resources */,
			);
			buildRules = (
			);
			dependencies = (
			);
			name = iOS2Lab1x;
			productName = iOS2Lab1x;
			productReference = D0375AE218287DA800C43881 /* iOS2Lab1x.app */;
			productType = "com.apple.product-type.application";
		};
		D0375AFC18287DA800C43881 /* iOS2Lab1xTests */ = {
			isa = PBXNativeTarget;
			buildConfigurationList = D0375B1118287DA800C43881 /* Build configuration list for PBXNativeTarget "iOS2Lab1xTests" */;
			buildPhases = (
				D0375AF918287DA800C43881 /* Sources */,
				D0375AFA18287DA800C43881 /* Frameworks */,
				D0375AFB18287DA800C43881 /* Resources */,
			);
			buildRules = (
			);
			dependencies = (
				D0375B0318287DA800C43881 /* PBXTargetDependency */,
			);
			name = iOS2Lab1xTests;
			productName = iOS2Lab1xTests;
			productReference = D0375AFD18287DA800C43881 /* iOS2Lab1xTests.xctest */;
			productType = "com.apple.product-type.bundle.unit-test";
		};
/* End PBXNativeTarget section */

/* Begin PBXProject section */
		D0375ADA18287DA800C43881 /* Project object */ = {
			isa = PBXProject;
			attributes = {
				LastUpgradeCheck = 0500;
				ORGANIZATIONNAME = "James Derry";
				TargetAttributes = {
					D0375AFC18287DA800C43881 = {
						TestTargetID = D0375AE118287DA800C43881;
					};
				};
			};
			buildConfigurationList = D0375ADD18287DA800C43881 /* Build configuration list for PBXProject "iOS2Lab1x" */;
			compatibilityVersion = "Xcode 3.2";
			developmentRegion = English;
			hasScannedForEncodings = 0;
			knownRegions = (
				en,
			);
			mainGroup = D0375AD918287DA800C43881;
			productRefGroup = D0375AE318287DA800C43881 /* Products */;
			projectDirPath = "";
			projectRoot = "";
			targets = (
				D0375AE118287DA800C43881 /* iOS2Lab1x */,
				D0375AFC18287DA800C43881 /* iOS2Lab1xTests */,
			);
		};
/* End PBXProject section */

/* Begin PBXResourcesBuildPhase section */
		D0375AE018287DA800C43881 /* Resources */ = {
			isa = PBXResourcesBuildPhase;
			buildActionMask = 2147483647;
			files = (
				D0375B1518287EF500C43881 /* MainStoryboard.storyboard in Resources */,
				D0375AF018287DA800C43881 /* InfoPlist.strings in Resources */,
				D031EB561832EACF00C6E80F /* api_settings.plist in Resources */,
				D0375AF818287DA800C43881 /* Images.xcassets in Resources */,
			);
			runOnlyForDeploymentPostprocessing = 0;
		};
		D0375AFB18287DA800C43881 /* Resources */ = {
			isa = PBXResourcesBuildPhase;
			buildActionMask = 2147483647;
			files = (
				D0375B0918287DA800C43881 /* InfoPlist.strings in Resources */,
			);
			runOnlyForDeploymentPostprocessing = 0;
		};
/* End PBXResourcesBuildPhase section */

/* Begin PBXSourcesBuildPhase section */
		D0375ADE18287DA800C43881 /* Sources */ = {
			isa = PBXSourcesBuildPhase;
			buildActionMask = 2147483647;
			files = (
				D0375B211828885800C43881 /* Photo.m in Sources */,
				D0375AF618287DA800C43881 /* AppDelegate.m in Sources */,
				D0375AF218287DA800C43881 /* main.m in Sources */,
				D0606D3A183075950032DEA5 /* PhotoGeocodeManager.m in Sources */,
				D0375B1B1828873A00C43881 /* PhotoTableViewController.m in Sources */,
				D0B36386182F2FF6000D1533 /* PhotoMapViewController.m in Sources */,
				D0375B1E1828883000C43881 /* Api500pxFetcher.m in Sources */,
				D0375B18182882FF00C43881 /* PhotoTableViewCell.m in Sources */,
			);
			runOnlyForDeploymentPostprocessing = 0;
		};
		D0375AF918287DA800C43881 /* Sources */ = {
			isa = PBXSourcesBuildPhase;
			buildActionMask = 2147483647;
			files = (
				D0375B0B18287DA800C43881 /* iOS2Lab1xTests.m in Sources */,
			);
			runOnlyForDeploymentPostprocessing = 0;
		};
/* End PBXSourcesBuildPhase section */

/* Begin PBXTargetDependency section */
		D0375B0318287DA800C43881 /* PBXTargetDependency */ = {
			isa = PBXTargetDependency;
			target = D0375AE118287DA800C43881 /* iOS2Lab1x */;
			targetProxy = D0375B0218287DA800C43881 /* PBXContainerItemProxy */;
		};
/* End PBXTargetDependency section */

/* Begin PBXVariantGroup section */
		D0375AEE18287DA800C43881 /* InfoPlist.strings */ = {
			isa = PBXVariantGroup;
			children = (
				D0375AEF18287DA800C43881 /* en */,
			);
			name = InfoPlist.strings;
			sourceTree = "<group>";
		};
		D0375B0718287DA800C43881 /* InfoPlist.strings */ = {
			isa = PBXVariantGroup;
			children = (
				D0375B0818287DA800C43881 /* en */,
			);
			name = InfoPlist.strings;
			sourceTree = "<group>";
		};
/* End PBXVariantGroup section */

/* Begin XCBuildConfiguration section */
		D0375B0C18287DA800C43881 /* Debug */ = {
			isa = XCBuildConfiguration;
			buildSettings = {
				ALWAYS_SEARCH_USER_PATHS = NO;
				ARCHS = "$(ARCHS_STANDARD_INCLUDING_64_BIT)";
				CLANG_CXX_LANGUAGE_STANDARD = "gnu++0x";
				CLANG_CXX_LIBRARY = "libc++";
				CLANG_ENABLE_MODULES = YES;
				CLANG_ENABLE_OBJC_ARC = YES;
				CLANG_WARN_BOOL_CONVERSION = YES;
				CLANG_WARN_CONSTANT_CONVERSION = YES;
				CLANG_WARN_DIRECT_OBJC_ISA_USAGE = YES_ERROR;
				CLANG_WARN_EMPTY_BODY = YES;
				CLANG_WARN_ENUM_CONVERSION = YES;
				CLANG_WARN_INT_CONVERSION = YES;
				CLANG_WARN_OBJC_ROOT_CLASS = YES_ERROR;
				CLANG_WARN__DUPLICATE_METHOD_MATCH = YES;
				"CODE_SIGN_IDENTITY[sdk=iphoneos*]" = "iPhone Developer";
				COPY_PHASE_STRIP = NO;
				GCC_C_LANGUAGE_STANDARD = gnu99;
				GCC_DYNAMIC_NO_PIC = NO;
				GCC_OPTIMIZATION_LEVEL = 0;
				GCC_PREPROCESSOR_DEFINITIONS = (
					"DEBUG=1",
					"$(inherited)",
				);
				GCC_SYMBOLS_PRIVATE_EXTERN = NO;
				GCC_WARN_64_TO_32_BIT_CONVERSION = YES;
				GCC_WARN_ABOUT_RETURN_TYPE = YES_ERROR;
				GCC_WARN_UNDECLARED_SELECTOR = YES;
				GCC_WARN_UNINITIALIZED_AUTOS = YES;
				GCC_WARN_UNUSED_FUNCTION = YES;
				GCC_WARN_UNUSED_VARIABLE = YES;
				IPHONEOS_DEPLOYMENT_TARGET = 7.0;
				ONLY_ACTIVE_ARCH = YES;
				SDKROOT = iphoneos;
			};
			name = Debug;
		};
		D0375B0D18287DA800C43881 /* Release */ = {
			isa = XCBuildConfiguration;
			buildSettings = {
				ALWAYS_SEARCH_USER_PATHS = NO;
				ARCHS = "$(ARCHS_STANDARD_INCLUDING_64_BIT)";
				CLANG_CXX_LANGUAGE_STANDARD = "gnu++0x";
				CLANG_CXX_LIBRARY = "libc++";
				CLANG_ENABLE_MODULES = YES;
				CLANG_ENABLE_OBJC_ARC = YES;
				CLANG_WARN_BOOL_CONVERSION = YES;
				CLANG_WARN_CONSTANT_CONVERSION = YES;
				CLANG_WARN_DIRECT_OBJC_ISA_USAGE = YES_ERROR;
				CLANG_WARN_EMPTY_BODY = YES;
				CLANG_WARN_ENUM_CONVERSION = YES;
				CLANG_WARN_INT_CONVERSION = YES;
				CLANG_WARN_OBJC_ROOT_CLASS = YES_ERROR;
				CLANG_WARN__DUPLICATE_METHOD_MATCH = YES;
				"CODE_SIGN_IDENTITY[sdk=iphoneos*]" = "iPhone Developer";
				COPY_PHASE_STRIP = YES;
				ENABLE_NS_ASSERTIONS = NO;
				GCC_C_LANGUAGE_STANDARD = gnu99;
				GCC_WARN_64_TO_32_BIT_CONVERSION = YES;
				GCC_WARN_ABOUT_RETURN_TYPE = YES_ERROR;
				GCC_WARN_UNDECLARED_SELECTOR = YES;
				GCC_WARN_UNINITIALIZED_AUTOS = YES;
				GCC_WARN_UNUSED_FUNCTION = YES;
				GCC_WARN_UNUSED_VARIABLE = YES;
				IPHONEOS_DEPLOYMENT_TARGET = 7.0;
				SDKROOT = iphoneos;
				VALIDATE_PRODUCT = YES;
			};
			name = Release;
		};
		D0375B0F18287DA800C43881 /* Debug */ = {
			isa = XCBuildConfiguration;
			buildSettings = {
				ASSETCATALOG_COMPILER_APPICON_NAME = AppIcon;
				ASSETCATALOG_COMPILER_LAUNCHIMAGE_NAME = LaunchImage;
				GCC_PRECOMPILE_PREFIX_HEADER = YES;
				GCC_PREFIX_HEADER = "iOS2Lab1x/iOS2Lab1x-Prefix.pch";
				INFOPLIST_FILE = "iOS2Lab1x/iOS2Lab1x-Info.plist";
				PRODUCT_NAME = "$(TARGET_NAME)";
				WRAPPER_EXTENSION = app;
			};
			name = Debug;
		};
		D0375B1018287DA800C43881 /* Release */ = {
			isa = XCBuildConfiguration;
			buildSettings = {
				ASSETCATALOG_COMPILER_APPICON_NAME = AppIcon;
				ASSETCATALOG_COMPILER_LAUNCHIMAGE_NAME = LaunchImage;
				GCC_PRECOMPILE_PREFIX_HEADER = YES;
				GCC_PREFIX_HEADER = "iOS2Lab1x/iOS2Lab1x-Prefix.pch";
				INFOPLIST_FILE = "iOS2Lab1x/iOS2Lab1x-Info.plist";
				PRODUCT_NAME = "$(TARGET_NAME)";
				WRAPPER_EXTENSION = app;
			};
			name = Release;
		};
		D0375B1218287DA800C43881 /* Debug */ = {
			isa = XCBuildConfiguration;
			buildSettings = {
				ARCHS = "$(ARCHS_STANDARD_INCLUDING_64_BIT)";
				BUNDLE_LOADER = "$(BUILT_PRODUCTS_DIR)/iOS2Lab1x.app/iOS2Lab1x";
				FRAMEWORK_SEARCH_PATHS = (
					"$(SDKROOT)/Developer/Library/Frameworks",
					"$(inherited)",
					"$(DEVELOPER_FRAMEWORKS_DIR)",
				);
				GCC_PRECOMPILE_PREFIX_HEADER = YES;
				GCC_PREFIX_HEADER = "iOS2Lab1x/iOS2Lab1x-Prefix.pch";
				GCC_PREPROCESSOR_DEFINITIONS = (
					"DEBUG=1",
					"$(inherited)",
				);
				INFOPLIST_FILE = "iOS2Lab1xTests/iOS2Lab1xTests-Info.plist";
				PRODUCT_NAME = "$(TARGET_NAME)";
				TEST_HOST = "$(BUNDLE_LOADER)";
				WRAPPER_EXTENSION = xctest;
			};
			name = Debug;
		};
		D0375B1318287DA800C43881 /* Release */ = {
			isa = XCBuildConfiguration;
			buildSettings = {
				ARCHS = "$(ARCHS_STANDARD_INCLUDING_64_BIT)";
				BUNDLE_LOADER = "$(BUILT_PRODUCTS_DIR)/iOS2Lab1x.app/iOS2Lab1x";
				FRAMEWORK_SEARCH_PATHS = (
					"$(SDKROOT)/Developer/Library/Frameworks",
					"$(inherited)",
					"$(DEVELOPER_FRAMEWORKS_DIR)",
				);
				GCC_PRECOMPILE_PREFIX_HEADER = YES;
				GCC_PREFIX_HEADER = "iOS2Lab1x/iOS2Lab1x-Prefix.pch";
				INFOPLIST_FILE = "iOS2Lab1xTests/iOS2Lab1xTests-Info.plist";
				PRODUCT_NAME = "$(TARGET_NAME)";
				TEST_HOST = "$(BUNDLE_LOADER)";
				WRAPPER_EXTENSION = xctest;
			};
			name = Release;
		};
/* End XCBuildConfiguration section */

/* Begin XCConfigurationList section */
		D0375ADD18287DA800C43881 /* Build configuration list for PBXProject "iOS2Lab1x" */ = {
			isa = XCConfigurationList;
			buildConfigurations = (
				D0375B0C18287DA800C43881 /* Debug */,
				D0375B0D18287DA800C43881 /* Release */,
			);
			defaultConfigurationIsVisible = 0;
			defaultConfigurationName = Release;
		};
		D0375B0E18287DA800C43881 /* Build configuration list for PBXNativeTarget "iOS2Lab1x" */ = {
			isa = XCConfigurationList;
			buildConfigurations = (
				D0375B0F18287DA800C43881 /* Debug */,
				D0375B1018287DA800C43881 /* Release */,
			);
			defaultConfigurationIsVisible = 0;
			defaultConfigurationName = Release;
		};
		D0375B1118287DA800C43881 /* Build configuration list for PBXNativeTarget "iOS2Lab1xTests" */ = {
			isa = XCConfigurationList;
			buildConfigurations = (
				D0375B1218287DA800C43881 /* Debug */,
				D0375B1318287DA800C43881 /* Release */,
			);
			defaultConfigurationIsVisible = 0;
			defaultConfigurationName = Release;
		};
/* End XCConfigurationList section */
	};
	rootObject = D0375ADA18287DA800C43881 /* Project object */;
}
